
Microsoft Visual Studio Solution File, Format Version 12.00
# Visual Studio Version 17
VisualStudioVersion = 17.1.32228.430
MinimumVisualStudioVersion = 10.0.40219.1
Project("{FAE04EC0-301F-11D3-BF4B-00C04F79EFBC}") = "IniDeeBeninging", "IniDeeBeninging\IniDeeBeninging.csproj", "{9B839E3E-ADE5-4EB5-90D6-BC07BC7BDC2F}"
EndProject
Global
	GlobalSection(SolutionConfigurationPlatforms) = preSolution
		Debug|Any CPU = Debug|Any CPU
		Release|Any CPU = Release|Any CPU
	EndGlobalSection
	GlobalSection(ProjectConfigurationPlatforms) = postSolution
		{9B839E3E-ADE5-4EB5-90D6-BC07BC7BDC2F}.Debug|Any CPU.ActiveCfg = Debug|Any CPU
		{9B839E3E-ADE5-4EB5-90D6-BC07BC7BDC2F}.Debug|Any CPU.Build.0 = Debug|Any CPU
		{9B839E3E-ADE5-4EB5-90D6-BC07BC7BDC2F}.Release|Any CPU.ActiveCfg = Release|Any CPU
		{9B839E3E-ADE5-4EB5-90D6-BC07BC7BDC2F}.Release|Any CPU.Build.0 = Release|Any CPU
	EndGlobalSection
	GlobalSection(SolutionProperties) = preSolution
		HideSolutionNode = FALSE
	EndGlobalSection
	GlobalSection(ExtensibilityGlobals) = postSolution
		SolutionGuid = {6842C68B-19DE-4EC6-A224-F460C1814504}
	EndGlobalSection
EndGlobal
